<?xml version="1.0" encoding="utf-8"?>
<Project ToolsVersion="4.0" xmlns="http://schemas.microsoft.com/developer/msbuild/2003">
  <ItemGroup>
    <Filter Include="Source Files">
      <UniqueIdentifier>{4FC737F1-C7A5-4376-A066-2A32D752A2FF}</UniqueIdentifier>
      <Extensions>cpp;c;cc;cxx;def;odl;idl;hpj;bat;asm;asmx</Extensions>
    </Filter>
    <Filter Include="Header Files">
      <UniqueIdentifier>{93995380-89BD-4b04-88EB-625FBE52EBFB}</UniqueIdentifier>
      <Extensions>h;hh;hpp;hxx;hm;inl;inc;ipp;xsd</Extensions>
    </Filter>
    <Filter Include="Resource Files">
      <UniqueIdentifier>{67DA6AB6-F800-4c08-8B7A-83BB121AAD01}</UniqueIdentifier>
      <Extensions>rc;ico;cur;bmp;dlg;rc2;rct;bin;rgs;gif;jpg;jpeg;jpe;resx;tiff;tif;png;wav;mfcribbon-ms</Extensions>
    </Filter>
    <Filter Include="Source Files\libskyrim">
      <UniqueIdentifier>{8b98d44c-b49e-419b-8433-a3f2937d095d}</UniqueIdentifier>
    </Filter>
  </ItemGroup>
  <ItemGroup>
    <ClInclude Include="iniSettings.h">
      <Filter>Header Files</Filter>
    </ClInclude>
    <ClInclude Include="libskyrim\BGSAttackData.h">
      <Filter>Header Files</Filter>
    </ClInclude>
    <ClInclude Include="libskyrim\BGSAttackDataMap.h">
      <Filter>Header Files</Filter>
    </ClInclude>
    <ClInclude Include="libskyrim\BSTHashMap.h">
      <Filter>Header Files</Filter>
    </ClInclude>
    <ClInclude Include="libskyrim\BSTScatterTable.h">
      <Filter>Header Files</Filter>
    </ClInclude>
    <ClInclude Include="libskyrim\CRC.h">
      <Filter>Header Files</Filter>
    </ClInclude>
  </ItemGroup>
  <ItemGroup>
    <ClCompile Include="iniSettings.cpp">
      <Filter>Source Files</Filter>
    </ClCompile>
    <ClCompile Include="libskyrim\BGSAttackData.cpp">
      <Filter>Source Files</Filter>
    </ClCompile>
    <ClCompile Include="main.cpp">
      <Filter>Source Files</Filter>
    </ClCompile>
  </ItemGroup>
</Project>